
Microsoft Visual Studio Solution File, Format Version 12.00
# Visual Studio Version 17
VisualStudioVersion = 17.6.33801.468
MinimumVisualStudioVersion = 10.0.40219.1
Project("{FAE04EC0-301F-11D3-BF4B-00C04F79EFBC}") = "Figures", "MindBoxTestLib\Figures.csproj", "{7064EB88-EFC2-488F-BC63-FAEDFA6B5D01}"
EndProject
Project("{2150E333-8FDC-42A3-9474-1A3956D46DE8}") = "tests", "tests", "{3BEE8A46-D25B-41EB-B828-9B6436714AB4}"
EndProject
Project("{2150E333-8FDC-42A3-9474-1A3956D46DE8}") = "core", "core", "{35586779-DF14-48FC-9B94-C7014DFF2C3A}"
EndProject
Project("{FAE04EC0-301F-11D3-BF4B-00C04F79EFBC}") = "FigureTests", "MindBolstLibTests\FigureTests.csproj", "{484B5402-E941-4728-AF5C-E8F10735D561}"
EndProject
Global
	GlobalSection(SolutionConfigurationPlatforms) = preSolution
		Debug|Any CPU = Debug|Any CPU
		Release|Any CPU = Release|Any CPU
	EndGlobalSection
	GlobalSection(ProjectConfigurationPlatforms) = postSolution
		{7064EB88-EFC2-488F-BC63-FAEDFA6B5D01}.Debug|Any CPU.ActiveCfg = Debug|Any CPU
		{7064EB88-EFC2-488F-BC63-FAEDFA6B5D01}.Debug|Any CPU.Build.0 = Debug|Any CPU
		{7064EB88-EFC2-488F-BC63-FAEDFA6B5D01}.Release|Any CPU.ActiveCfg = Release|Any CPU
		{7064EB88-EFC2-488F-BC63-FAEDFA6B5D01}.Release|Any CPU.Build.0 = Release|Any CPU
		{484B5402-E941-4728-AF5C-E8F10735D561}.Debug|Any CPU.ActiveCfg = Debug|Any CPU
		{484B5402-E941-4728-AF5C-E8F10735D561}.Debug|Any CPU.Build.0 = Debug|Any CPU
		{484B5402-E941-4728-AF5C-E8F10735D561}.Release|Any CPU.ActiveCfg = Release|Any CPU
		{484B5402-E941-4728-AF5C-E8F10735D561}.Release|Any CPU.Build.0 = Release|Any CPU
	EndGlobalSection
	GlobalSection(SolutionProperties) = preSolution
		HideSolutionNode = FALSE
	EndGlobalSection
	GlobalSection(NestedProjects) = preSolution
		{7064EB88-EFC2-488F-BC63-FAEDFA6B5D01} = {35586779-DF14-48FC-9B94-C7014DFF2C3A}
		{484B5402-E941-4728-AF5C-E8F10735D561} = {3BEE8A46-D25B-41EB-B828-9B6436714AB4}
	EndGlobalSection
	GlobalSection(ExtensibilityGlobals) = postSolution
		SolutionGuid = {8FD47C77-6FA5-4B1E-BE2B-23004E644030}
	EndGlobalSection
EndGlobal
